
Microsoft Visual Studio Solution File, Format Version 12.00
# Visual Studio Version 17
VisualStudioVersion = 17.14.36518.9
MinimumVisualStudioVersion = 10.0.40219.1
Project("{FAE04EC0-301F-11D3-BF4B-00C04F79EFBC}") = "Notesphere.Entities", "Notesphere.Entities\Notesphere.Entities.csproj", "{B8D8CF3C-0002-460F-8476-595D910807B3}"
EndProject
Project("{FAE04EC0-301F-11D3-BF4B-00C04F79EFBC}") = "Notesphere.Services", "Notesphere.Services\Notesphere.Services.csproj", "{EA48967E-F7C3-4F3B-8777-2DCCF2C640E8}"
	ProjectSection(ProjectDependencies) = postProject
		{B8D8CF3C-0002-460F-8476-595D910807B3} = {B8D8CF3C-0002-460F-8476-595D910807B3}
	EndProjectSection
EndProject
Project("{FAE04EC0-301F-11D3-BF4B-00C04F79EFBC}") = "Notesphere.Operations", "Notesphere.Operations\Notesphere.Operations.csproj", "{0B1E8B80-B7AA-459B-9C78-1D4C52A34DEC}"
	ProjectSection(ProjectDependencies) = postProject
		{EA48967E-F7C3-4F3B-8777-2DCCF2C640E8} = {EA48967E-F7C3-4F3B-8777-2DCCF2C640E8}
	EndProjectSection
EndProject
Project("{2150E333-8FDC-42A3-9474-1A3956D46DE8}") = "Solution Items", "Solution Items", "{8EC462FD-D22E-90A8-E5CE-7E832BA40C5D}"
	ProjectSection(SolutionItems) = preProject
		.gitinore = .gitinore
	EndProjectSection
EndProject
Global
	GlobalSection(SolutionConfigurationPlatforms) = preSolution
		Debug|Any CPU = Debug|Any CPU
		Release|Any CPU = Release|Any CPU
	EndGlobalSection
	GlobalSection(ProjectConfigurationPlatforms) = postSolution
		{B8D8CF3C-0002-460F-8476-595D910807B3}.Debug|Any CPU.ActiveCfg = Debug|Any CPU
		{B8D8CF3C-0002-460F-8476-595D910807B3}.Debug|Any CPU.Build.0 = Debug|Any CPU
		{B8D8CF3C-0002-460F-8476-595D910807B3}.Release|Any CPU.ActiveCfg = Release|Any CPU
		{B8D8CF3C-0002-460F-8476-595D910807B3}.Release|Any CPU.Build.0 = Release|Any CPU
		{EA48967E-F7C3-4F3B-8777-2DCCF2C640E8}.Debug|Any CPU.ActiveCfg = Debug|Any CPU
		{EA48967E-F7C3-4F3B-8777-2DCCF2C640E8}.Debug|Any CPU.Build.0 = Debug|Any CPU
		{EA48967E-F7C3-4F3B-8777-2DCCF2C640E8}.Release|Any CPU.ActiveCfg = Release|Any CPU
		{EA48967E-F7C3-4F3B-8777-2DCCF2C640E8}.Release|Any CPU.Build.0 = Release|Any CPU
		{0B1E8B80-B7AA-459B-9C78-1D4C52A34DEC}.Debug|Any CPU.ActiveCfg = Debug|Any CPU
		{0B1E8B80-B7AA-459B-9C78-1D4C52A34DEC}.Debug|Any CPU.Build.0 = Debug|Any CPU
		{0B1E8B80-B7AA-459B-9C78-1D4C52A34DEC}.Release|Any CPU.ActiveCfg = Release|Any CPU
		{0B1E8B80-B7AA-459B-9C78-1D4C52A34DEC}.Release|Any CPU.Build.0 = Release|Any CPU
	EndGlobalSection
	GlobalSection(SolutionProperties) = preSolution
		HideSolutionNode = FALSE
	EndGlobalSection
	GlobalSection(ExtensibilityGlobals) = postSolution
		SolutionGuid = {EC866B3D-3D78-412E-AE6F-1E588A3E4B7A}
	EndGlobalSection
EndGlobal
